
Microsoft Visual Studio Solution File, Format Version 12.00
# Visual Studio 2013
VisualStudioVersion = 12.0.31101.0
MinimumVisualStudioVersion = 10.0.40219.1
Project("{2150E333-8FDC-42A3-9474-1A3956D46DE8}") = "Engine", "Engine", "{F65A7833-DBC5-43C7-9CED-6AEBDB4A165D}"
EndProject
Project("{2150E333-8FDC-42A3-9474-1A3956D46DE8}") = "Games", "Games", "{868F916C-C0D7-450F-AF30-74504753A321}"
EndProject
Project("{8BC9CEB8-8B4A-11D0-8D11-00A0C91BC942}") = "UnreallyDoomed", "Intermediate\ProjectFiles\UnreallyDoomed.vcxproj", "{2A142A5B-3919-4A63-A963-FD3D32EECDBF}"
EndProject
Project("{8BC9CEB8-8B4A-11D0-8D11-00A0C91BC942}") = "UE4", "Intermediate\ProjectFiles\UE4.vcxproj", "{D433E4DF-A993-4273-823A-55355D153A3C}"
EndProject
Global
	GlobalSection(SolutionConfigurationPlatforms) = preSolution
		DebugGame Editor|Windows = DebugGame Editor|Windows
		DebugGame|Windows = DebugGame|Windows
		Development Editor|Windows = Development Editor|Windows
		Development|Windows = Development|Windows
		Shipping|Windows = Shipping|Windows
	EndGlobalSection
	GlobalSection(ProjectConfigurationPlatforms) = postSolution
		{2A142A5B-3919-4A63-A963-FD3D32EECDBF}.DebugGame Editor|Windows.ActiveCfg = DebugGame_Editor|x64
		{2A142A5B-3919-4A63-A963-FD3D32EECDBF}.DebugGame Editor|Windows.Build.0 = DebugGame_Editor|x64
		{2A142A5B-3919-4A63-A963-FD3D32EECDBF}.DebugGame|Windows.ActiveCfg = DebugGame_Game|x64
		{2A142A5B-3919-4A63-A963-FD3D32EECDBF}.DebugGame|Windows.Build.0 = DebugGame_Game|x64
		{2A142A5B-3919-4A63-A963-FD3D32EECDBF}.Development Editor|Windows.ActiveCfg = Development_Editor|x64
		{2A142A5B-3919-4A63-A963-FD3D32EECDBF}.Development Editor|Windows.Build.0 = Development_Editor|x64
		{2A142A5B-3919-4A63-A963-FD3D32EECDBF}.Development|Windows.ActiveCfg = Development_Game|x64
		{2A142A5B-3919-4A63-A963-FD3D32EECDBF}.Development|Windows.Build.0 = Development_Game|x64
		{2A142A5B-3919-4A63-A963-FD3D32EECDBF}.Shipping|Windows.ActiveCfg = Shipping_Game|Win32
		{2A142A5B-3919-4A63-A963-FD3D32EECDBF}.Shipping|Windows.Build.0 = Shipping_Game|Win32
		{D433E4DF-A993-4273-823A-55355D153A3C}.DebugGame Editor|Windows.ActiveCfg = BuiltWithUnrealBuildTool|Win32
		{D433E4DF-A993-4273-823A-55355D153A3C}.DebugGame|Windows.ActiveCfg = BuiltWithUnrealBuildTool|Win32
		{D433E4DF-A993-4273-823A-55355D153A3C}.Development Editor|Windows.ActiveCfg = BuiltWithUnrealBuildTool|Win32
		{D433E4DF-A993-4273-823A-55355D153A3C}.Development|Windows.ActiveCfg = BuiltWithUnrealBuildTool|Win32
		{D433E4DF-A993-4273-823A-55355D153A3C}.Shipping|Windows.ActiveCfg = BuiltWithUnrealBuildTool|Win32
	EndGlobalSection
	GlobalSection(SolutionProperties) = preSolution
		HideSolutionNode = FALSE
	EndGlobalSection
	GlobalSection(NestedProjects) = preSolution
		{2A142A5B-3919-4A63-A963-FD3D32EECDBF} = {868F916C-C0D7-450F-AF30-74504753A321}
		{D433E4DF-A993-4273-823A-55355D153A3C} = {F65A7833-DBC5-43C7-9CED-6AEBDB4A165D}
	EndGlobalSection
EndGlobal
